// !$*UTF8*$!
{
	archiveVersion = 1;
	classes = {
	};
	objectVersion = 77;
	objects = {

/* Begin PBXBuildFile section */
		AC8768D72F0B2F2D009D1E74 /* ShareRecipe.appex in Embed Foundation Extensions */ = {isa = PBXBuildFile; fileRef = AC8768CD2F0B2F2D009D1E74 /* ShareRecipe.appex */; settings = {ATTRIBUTES = (RemoveHeadersOnCopy, ); }; };
		AC8768E32F0B343C009D1E74 /* Auth in Frameworks */ = {isa = PBXBuildFile; productRef = AC8768E22F0B343C009D1E74 /* Auth */; };
		AC8768E52F0B343C009D1E74 /* Functions in Frameworks */ = {isa = PBXBuildFile; productRef = AC8768E42F0B343C009D1E74 /* Functions */; };
		AC8768E72F0B343C009D1E74 /* PostgREST in Frameworks */ = {isa = PBXBuildFile; productRef = AC8768E62F0B343C009D1E74 /* PostgREST */; };
		AC8768E92F0B343C009D1E74 /* Realtime in Frameworks */ = {isa = PBXBuildFile; productRef = AC8768E82F0B343C009D1E74 /* Realtime */; };
		AC8768EB2F0B343C009D1E74 /* Storage in Frameworks */ = {isa = PBXBuildFile; productRef = AC8768EA2F0B343C009D1E74 /* Storage */; };
		AC8768ED2F0B343C009D1E74 /* Supabase in Frameworks */ = {isa = PBXBuildFile; productRef = AC8768EC2F0B343C009D1E74 /* Supabase */; };
/* End PBXBuildFile section */

/* Begin PBXContainerItemProxy section */
		AC8768A02F0B2A38009D1E74 /* PBXContainerItemProxy */ = {
			isa = PBXContainerItemProxy;
			containerPortal = AC87688A2F0B2A37009D1E74 /* Project object */;
			proxyType = 1;
			remoteGlobalIDString = AC8768912F0B2A37009D1E74;
			remoteInfo = ClipCook;
		};
		AC8768AA2F0B2A38009D1E74 /* PBXContainerItemProxy */ = {
			isa = PBXContainerItemProxy;
			containerPortal = AC87688A2F0B2A37009D1E74 /* Project object */;
			proxyType = 1;
			remoteGlobalIDString = AC8768912F0B2A37009D1E74;
			remoteInfo = ClipCook;
		};
		AC8768D52F0B2F2D009D1E74 /* PBXContainerItemProxy */ = {
			isa = PBXContainerItemProxy;
			containerPortal = AC87688A2F0B2A37009D1E74 /* Project object */;
			proxyType = 1;
			remoteGlobalIDString = AC8768CC2F0B2F2D009D1E74;
			remoteInfo = ShareRecipe;
		};
/* End PBXContainerItemProxy section */

/* Begin PBXCopyFilesBuildPhase section */
		AC8768DC2F0B2F2D009D1E74 /* Embed Foundation Extensions */ = {
			isa = PBXCopyFilesBuildPhase;
			buildActionMask = 2147483647;
			dstPath = "";
			dstSubfolderSpec = 13;
			files = (
				AC8768D72F0B2F2D009D1E74 /* ShareRecipe.appex in Embed Foundation Extensions */,
			);
			name = "Embed Foundation Extensions";
			runOnlyForDeploymentPostprocessing = 0;
		};
/* End PBXCopyFilesBuildPhase section */

/* Begin PBXFileReference section */
		AC8768922F0B2A37009D1E74 /* ClipCook.app */ = {isa = PBXFileReference; explicitFileType = wrapper.application; includeInIndex = 0; path = ClipCook.app; sourceTree = BUILT_PRODUCTS_DIR; };
		AC87689F2F0B2A38009D1E74 /* ClipCookTests.xctest */ = {isa = PBXFileReference; explicitFileType = wrapper.cfbundle; includeInIndex = 0; path = ClipCookTests.xctest; sourceTree = BUILT_PRODUCTS_DIR; };
		AC8768A92F0B2A38009D1E74 /* ClipCookUITests.xctest */ = {isa = PBXFileReference; explicitFileType = wrapper.cfbundle; includeInIndex = 0; path = ClipCookUITests.xctest; sourceTree = BUILT_PRODUCTS_DIR; };
		AC8768CD2F0B2F2D009D1E74 /* ShareRecipe.appex */ = {isa = PBXFileReference; explicitFileType = "wrapper.app-extension"; includeInIndex = 0; path = ShareRecipe.appex; sourceTree = BUILT_PRODUCTS_DIR; };
/* End PBXFileReference section */

/* Begin PBXFileSystemSynchronizedBuildFileExceptionSet section */
		AC8768D82F0B2F2D009D1E74 /* Exceptions for "ShareRecipe" folder in "ShareRecipe" target */ = {
			isa = PBXFileSystemSynchronizedBuildFileExceptionSet;
			membershipExceptions = (
				Info.plist,
			);
			target = AC8768CC2F0B2F2D009D1E74 /* ShareRecipe */;
		};
		AC87694D2F0C1A13009D1E74 /* Exceptions for "ClipCook" folder in "ClipCook" target */ = {
			isa = PBXFileSystemSynchronizedBuildFileExceptionSet;
			membershipExceptions = (
				Info.plist,
			);
			target = AC8768912F0B2A37009D1E74 /* ClipCook */;
		};
		ACF8B07B2F0DA0470044E7D0 /* Exceptions for "ClipCook" folder in "ShareRecipe" target */ = {
			isa = PBXFileSystemSynchronizedBuildFileExceptionSet;
			membershipExceptions = (
				Services/DesignSystem.swift,
			);
			target = AC8768CC2F0B2F2D009D1E74 /* ShareRecipe */;
		};
/* End PBXFileSystemSynchronizedBuildFileExceptionSet section */

/* Begin PBXFileSystemSynchronizedRootGroup section */
		AC8768942F0B2A37009D1E74 /* ClipCook */ = {
			isa = PBXFileSystemSynchronizedRootGroup;
			exceptions = (
				AC87694D2F0C1A13009D1E74 /* Exceptions for "ClipCook" folder in "ClipCook" target */,
				ACF8B07B2F0DA0470044E7D0 /* Exceptions for "ClipCook" folder in "ShareRecipe" target */,
			);
			path = ClipCook;
			sourceTree = "<group>";
		};
		AC8768A22F0B2A38009D1E74 /* ClipCookTests */ = {
			isa = PBXFileSystemSynchronizedRootGroup;
			path = ClipCookTests;
			sourceTree = "<group>";
		};
		AC8768AC2F0B2A38009D1E74 /* ClipCookUITests */ = {
			isa = PBXFileSystemSynchronizedRootGroup;
			path = ClipCookUITests;
			sourceTree = "<group>";
		};
		AC8768CE2F0B2F2D009D1E74 /* ShareRecipe */ = {
			isa = PBXFileSystemSynchronizedRootGroup;
			exceptions = (
				AC8768D82F0B2F2D009D1E74 /* Exceptions for "ShareRecipe" folder in "ShareRecipe" target */,
			);
			path = ShareRecipe;
			sourceTree = "<group>";
		};
/* End PBXFileSystemSynchronizedRootGroup section */

/* Begin PBXFrameworksBuildPhase section */
		AC87688F2F0B2A37009D1E74 /* Frameworks */ = {
			isa = PBXFrameworksBuildPhase;
			buildActionMask = 2147483647;
			files = (
				AC8768E72F0B343C009D1E74 /* PostgREST in Frameworks */,
				AC8768E52F0B343C009D1E74 /* Functions in Frameworks */,
				AC8768ED2F0B343C009D1E74 /* Supabase in Frameworks */,
				AC8768E32F0B343C009D1E74 /* Auth in Frameworks */,
				AC8768EB2F0B343C009D1E74 /* Storage in Frameworks */,
				AC8768E92F0B343C009D1E74 /* Realtime in Frameworks */,
			);
			runOnlyForDeploymentPostprocessing = 0;
		};
		AC87689C2F0B2A38009D1E74 /* Frameworks */ = {
			isa = PBXFrameworksBuildPhase;
			buildActionMask = 2147483647;
			files = (
			);
			runOnlyForDeploymentPostprocessing = 0;
		};
		AC8768A62F0B2A38009D1E74 /* Frameworks */ = {
			isa = PBXFrameworksBuildPhase;
			buildActionMask = 2147483647;
			files = (
			);
			runOnlyForDeploymentPostprocessing = 0;
		};
		AC8768CA2F0B2F2D009D1E74 /* Frameworks */ = {
			isa = PBXFrameworksBuildPhase;
			buildActionMask = 2147483647;
			files = (
			);
			runOnlyForDeploymentPostprocessing = 0;
		};
/* End PBXFrameworksBuildPhase section */

/* Begin PBXGroup section */
		AC8768892F0B2A37009D1E74 = {
			isa = PBXGroup;
			children = (
				AC8768942F0B2A37009D1E74 /* ClipCook */,
				AC8768A22F0B2A38009D1E74 /* ClipCookTests */,
				AC8768AC2F0B2A38009D1E74 /* ClipCookUITests */,
				AC8768CE2F0B2F2D009D1E74 /* ShareRecipe */,
				AC8768932F0B2A37009D1E74 /* Products */,
			);
			sourceTree = "<group>";
		};
		AC8768932F0B2A37009D1E74 /* Products */ = {
			isa = PBXGroup;
			children = (
				AC8768922F0B2A37009D1E74 /* ClipCook.app */,
				AC87689F2F0B2A38009D1E74 /* ClipCookTests.xctest */,
				AC8768A92F0B2A38009D1E74 /* ClipCookUITests.xctest */,
				AC8768CD2F0B2F2D009D1E74 /* ShareRecipe.appex */,
			);
			name = Products;
			sourceTree = "<group>";
		};
/* End PBXGroup section */

/* Begin PBXNativeTarget section */
		AC8768912F0B2A37009D1E74 /* ClipCook */ = {
			isa = PBXNativeTarget;
			buildConfigurationList = AC8768B32F0B2A38009D1E74 /* Build configuration list for PBXNativeTarget "ClipCook" */;
			buildPhases = (
				AC87688E2F0B2A37009D1E74 /* Sources */,
				AC87688F2F0B2A37009D1E74 /* Frameworks */,
				AC8768902F0B2A37009D1E74 /* Resources */,
				AC8768DC2F0B2F2D009D1E74 /* Embed Foundation Extensions */,
			);
			buildRules = (
			);
			dependencies = (
				AC8768D62F0B2F2D009D1E74 /* PBXTargetDependency */,
			);
			fileSystemSynchronizedGroups = (
				AC8768942F0B2A37009D1E74 /* ClipCook */,
			);
			name = ClipCook;
			packageProductDependencies = (
				AC8768E22F0B343C009D1E74 /* Auth */,
				AC8768E42F0B343C009D1E74 /* Functions */,
				AC8768E62F0B343C009D1E74 /* PostgREST */,
				AC8768E82F0B343C009D1E74 /* Realtime */,
				AC8768EA2F0B343C009D1E74 /* Storage */,
				AC8768EC2F0B343C009D1E74 /* Supabase */,
			);
			productName = ClipCook;
			productReference = AC8768922F0B2A37009D1E74 /* ClipCook.app */;
			productType = "com.apple.product-type.application";
		};
		AC87689E2F0B2A38009D1E74 /* ClipCookTests */ = {
			isa = PBXNativeTarget;
			buildConfigurationList = AC8768B62F0B2A38009D1E74 /* Build configuration list for PBXNativeTarget "ClipCookTests" */;
			buildPhases = (
				AC87689B2F0B2A38009D1E74 /* Sources */,
				AC87689C2F0B2A38009D1E74 /* Frameworks */,
				AC87689D2F0B2A38009D1E74 /* Resources */,
			);
			buildRules = (
			);
			dependencies = (
				AC8768A12F0B2A38009D1E74 /* PBXTargetDependency */,
			);
			fileSystemSynchronizedGroups = (
				AC8768A22F0B2A38009D1E74 /* ClipCookTests */,
			);
			name = ClipCookTests;
			packageProductDependencies = (
			);
			productName = ClipCookTests;
			productReference = AC87689F2F0B2A38009D1E74 /* ClipCookTests.xctest */;
			productType = "com.apple.product-type.bundle.unit-test";
		};
		AC8768A82F0B2A38009D1E74 /* ClipCookUITests */ = {
			isa = PBXNativeTarget;
			buildConfigurationList = AC8768B92F0B2A38009D1E74 /* Build configuration list for PBXNativeTarget "ClipCookUITests" */;
			buildPhases = (
				AC8768A52F0B2A38009D1E74 /* Sources */,
				AC8768A62F0B2A38009D1E74 /* Frameworks */,
				AC8768A72F0B2A38009D1E74 /* Resources */,
			);
			buildRules = (
			);
			dependencies = (
				AC8768AB2F0B2A38009D1E74 /* PBXTargetDependency */,
			);
			fileSystemSynchronizedGroups = (
				AC8768AC2F0B2A38009D1E74 /* ClipCookUITests */,
			);
			name = ClipCookUITests;
			packageProductDependencies = (
			);
			productName = ClipCookUITests;
			productReference = AC8768A92F0B2A38009D1E74 /* ClipCookUITests.xctest */;
			productType = "com.apple.product-type.bundle.ui-testing";
		};
		AC8768CC2F0B2F2D009D1E74 /* ShareRecipe */ = {
			isa = PBXNativeTarget;
			buildConfigurationList = AC8768D92F0B2F2D009D1E74 /* Build configuration list for PBXNativeTarget "ShareRecipe" */;
			buildPhases = (
				AC8768C92F0B2F2D009D1E74 /* Sources */,
				AC8768CA2F0B2F2D009D1E74 /* Frameworks */,
				AC8768CB2F0B2F2D009D1E74 /* Resources */,
			);
			buildRules = (
			);
			dependencies = (
			);
			fileSystemSynchronizedGroups = (
				AC8768CE2F0B2F2D009D1E74 /* ShareRecipe */,
			);
			name = ShareRecipe;
			packageProductDependencies = (
			);
			productName = ShareRecipe;
			productReference = AC8768CD2F0B2F2D009D1E74 /* ShareRecipe.appex */;
			productType = "com.apple.product-type.app-extension";
		};
/* End PBXNativeTarget section */

/* Begin PBXProject section */
		AC87688A2F0B2A37009D1E74 /* Project object */ = {
			isa = PBXProject;
			attributes = {
				BuildIndependentTargetsInParallel = 1;
				LastSwiftUpdateCheck = 2600;
				LastUpgradeCheck = 2600;
				TargetAttributes = {
					AC8768912F0B2A37009D1E74 = {
						CreatedOnToolsVersion = 26.0.1;
					};
					AC87689E2F0B2A38009D1E74 = {
						CreatedOnToolsVersion = 26.0.1;
						TestTargetID = AC8768912F0B2A37009D1E74;
					};
					AC8768A82F0B2A38009D1E74 = {
						CreatedOnToolsVersion = 26.0.1;
						TestTargetID = AC8768912F0B2A37009D1E74;
					};
					AC8768CC2F0B2F2D009D1E74 = {
						CreatedOnToolsVersion = 26.0.1;
					};
				};
			};
			buildConfigurationList = AC87688D2F0B2A37009D1E74 /* Build configuration list for PBXProject "ClipCook" */;
			developmentRegion = en;
			hasScannedForEncodings = 0;
			knownRegions = (
				en,
				Base,
			);
			mainGroup = AC8768892F0B2A37009D1E74;
			minimizedProjectReferenceProxies = 1;
			packageReferences = (
				AC8768E12F0B343C009D1E74 /* XCRemoteSwiftPackageReference "supabase-swift" */,
			);
			preferredProjectObjectVersion = 77;
			productRefGroup = AC8768932F0B2A37009D1E74 /* Products */;
			projectDirPath = "";
			projectRoot = "";
			targets = (
				AC8768912F0B2A37009D1E74 /* ClipCook */,
				AC87689E2F0B2A38009D1E74 /* ClipCookTests */,
				AC8768A82F0B2A38009D1E74 /* ClipCookUITests */,
				AC8768CC2F0B2F2D009D1E74 /* ShareRecipe */,
			);
		};
/* End PBXProject section */

/* Begin PBXResourcesBuildPhase section */
		AC8768902F0B2A37009D1E74 /* Resources */ = {
			isa = PBXResourcesBuildPhase;
			buildActionMask = 2147483647;
			files = (
			);
			runOnlyForDeploymentPostprocessing = 0;
		};
		AC87689D2F0B2A38009D1E74 /* Resources */ = {
			isa = PBXResourcesBuildPhase;
			buildActionMask = 2147483647;
			files = (
			);
			runOnlyForDeploymentPostprocessing = 0;
		};
		AC8768A72F0B2A38009D1E74 /* Resources */ = {
			isa = PBXResourcesBuildPhase;
			buildActionMask = 2147483647;
			files = (
			);
			runOnlyForDeploymentPostprocessing = 0;
		};
		AC8768CB2F0B2F2D009D1E74 /* Resources */ = {
			isa = PBXResourcesBuildPhase;
			buildActionMask = 2147483647;
			files = (
			);
			runOnlyForDeploymentPostprocessing = 0;
		};
/* End PBXResourcesBuildPhase section */

/* Begin PBXSourcesBuildPhase section */
		AC87688E2F0B2A37009D1E74 /* Sources */ = {
			isa = PBXSourcesBuildPhase;
			buildActionMask = 2147483647;
			files = (
			);
			runOnlyForDeploymentPostprocessing = 0;
		};
		AC87689B2F0B2A38009D1E74 /* Sources */ = {
			isa = PBXSourcesBuildPhase;
			buildActionMask = 2147483647;
			files = (
			);
			runOnlyForDeploymentPostprocessing = 0;
		};
		AC8768A52F0B2A38009D1E74 /* Sources */ = {
			isa = PBXSourcesBuildPhase;
			buildActionMask = 2147483647;
			files = (
			);
			runOnlyForDeploymentPostprocessing = 0;
		};
		AC8768C92F0B2F2D009D1E74 /* Sources */ = {
			isa = PBXSourcesBuildPhase;
			buildActionMask = 2147483647;
			files = (
			);
			runOnlyForDeploymentPostprocessing = 0;
		};
/* End PBXSourcesBuildPhase section */

/* Begin PBXTargetDependency section */
		AC8768A12F0B2A38009D1E74 /* PBXTargetDependency */ = {
			isa = PBXTargetDependency;
			target = AC8768912F0B2A37009D1E74 /* ClipCook */;
			targetProxy = AC8768A02F0B2A38009D1E74 /* PBXContainerItemProxy */;
		};
		AC8768AB2F0B2A38009D1E74 /* PBXTargetDependency */ = {
			isa = PBXTargetDependency;
			target = AC8768912F0B2A37009D1E74 /* ClipCook */;
			targetProxy = AC8768AA2F0B2A38009D1E74 /* PBXContainerItemProxy */;
		};
		AC8768D62F0B2F2D009D1E74 /* PBXTargetDependency */ = {
			isa = PBXTargetDependency;
			target = AC8768CC2F0B2F2D009D1E74 /* ShareRecipe */;
			targetProxy = AC8768D52F0B2F2D009D1E74 /* PBXContainerItemProxy */;
		};
/* End PBXTargetDependency section */

/* Begin XCBuildConfiguration section */
		AC8768B12F0B2A38009D1E74 /* Debug */ = {
			isa = XCBuildConfiguration;
			buildSettings = {
				ALWAYS_SEARCH_USER_PATHS = NO;
				ASSETCATALOG_COMPILER_GENERATE_SWIFT_ASSET_SYMBOL_EXTENSIONS = YES;
				CLANG_ANALYZER_NONNULL = YES;
				CLANG_ANALYZER_NUMBER_OBJECT_CONVERSION = YES_AGGRESSIVE;
				CLANG_CXX_LANGUAGE_STANDARD = "gnu++20";
				CLANG_ENABLE_MODULES = YES;
				CLANG_ENABLE_OBJC_ARC = YES;
				CLANG_ENABLE_OBJC_WEAK = YES;
				CLANG_WARN_BLOCK_CAPTURE_AUTORELEASING = YES;
				CLANG_WARN_BOOL_CONVERSION = YES;
				CLANG_WARN_COMMA = YES;
				CLANG_WARN_CONSTANT_CONVERSION = YES;
				CLANG_WARN_DEPRECATED_OBJC_IMPLEMENTATIONS = YES;
				CLANG_WARN_DIRECT_OBJC_ISA_USAGE = YES_ERROR;
				CLANG_WARN_DOCUMENTATION_COMMENTS = YES;
				CLANG_WARN_EMPTY_BODY = YES;
				CLANG_WARN_ENUM_CONVERSION = YES;
				CLANG_WARN_INFINITE_RECURSION = YES;
				CLANG_WARN_INT_CONVERSION = YES;
				CLANG_WARN_NON_LITERAL_NULL_CONVERSION = YES;
				CLANG_WARN_OBJC_IMPLICIT_RETAIN_SELF = YES;
				CLANG_WARN_OBJC_LITERAL_CONVERSION = YES;
				CLANG_WARN_OBJC_ROOT_CLASS = YES_ERROR;
				CLANG_WARN_QUOTED_INCLUDE_IN_FRAMEWORK_HEADER = YES;
				CLANG_WARN_RANGE_LOOP_ANALYSIS = YES;
				CLANG_WARN_STRICT_PROTOTYPES = YES;
				CLANG_WARN_SUSPICIOUS_MOVE = YES;
				CLANG_WARN_UNGUARDED_AVAILABILITY = YES_AGGRESSIVE;
				CLANG_WARN_UNREACHABLE_CODE = YES;
				CLANG_WARN__DUPLICATE_METHOD_MATCH = YES;
				COPY_PHASE_STRIP = NO;
				DEBUG_INFORMATION_FORMAT = dwarf;
				DEVELOPMENT_TEAM = FKQH296593;
				ENABLE_STRICT_OBJC_MSGSEND = YES;
				ENABLE_TESTABILITY = YES;
				ENABLE_USER_SCRIPT_SANDBOXING = YES;
				GCC_C_LANGUAGE_STANDARD = gnu17;
				GCC_DYNAMIC_NO_PIC = NO;
				GCC_NO_COMMON_BLOCKS = YES;
				GCC_OPTIMIZATION_LEVEL = 0;
				GCC_PREPROCESSOR_DEFINITIONS = (
					"DEBUG=1",
					"$(inherited)",
				);
				GCC_WARN_64_TO_32_BIT_CONVERSION = YES;
				GCC_WARN_ABOUT_RETURN_TYPE = YES_ERROR;
				GCC_WARN_UNDECLARED_SELECTOR = YES;
				GCC_WARN_UNINITIALIZED_AUTOS = YES_AGGRESSIVE;
				GCC_WARN_UNUSED_FUNCTION = YES;
				GCC_WARN_UNUSED_VARIABLE = YES;
				IPHONEOS_DEPLOYMENT_TARGET = 26.0;
				LOCALIZATION_PREFERS_STRING_CATALOGS = YES;
				MTL_ENABLE_DEBUG_INFO = INCLUDE_SOURCE;
				MTL_FAST_MATH = YES;
				ONLY_ACTIVE_ARCH = YES;
				SDKROOT = iphoneos;
				SWIFT_ACTIVE_COMPILATION_CONDITIONS = "DEBUG $(inherited)";
				SWIFT_OPTIMIZATION_LEVEL = "-Onone";
			};
			name = Debug;
		};
		AC8768B22F0B2A38009D1E74 /* Release */ = {
			isa = XCBuildConfiguration;
			buildSettings = {
				ALWAYS_SEARCH_USER_PATHS = NO;
				ASSETCATALOG_COMPILER_GENERATE_SWIFT_ASSET_SYMBOL_EXTENSIONS = YES;
				CLANG_ANALYZER_NONNULL = YES;
				CLANG_ANALYZER_NUMBER_OBJECT_CONVERSION = YES_AGGRESSIVE;
				CLANG_CXX_LANGUAGE_STANDARD = "gnu++20";
				CLANG_ENABLE_MODULES = YES;
				CLANG_ENABLE_OBJC_ARC = YES;
				CLANG_ENABLE_OBJC_WEAK = YES;
				CLANG_WARN_BLOCK_CAPTURE_AUTORELEASING = YES;
				CLANG_WARN_BOOL_CONVERSION = YES;
				CLANG_WARN_COMMA = YES;
				CLANG_WARN_CONSTANT_CONVERSION = YES;
				CLANG_WARN_DEPRECATED_OBJC_IMPLEMENTATIONS = YES;
				CLANG_WARN_DIRECT_OBJC_ISA_USAGE = YES_ERROR;
				CLANG_WARN_DOCUMENTATION_COMMENTS = YES;
				CLANG_WARN_EMPTY_BODY = YES;
				CLANG_WARN_ENUM_CONVERSION = YES;
				CLANG_WARN_INFINITE_RECURSION = YES;
				CLANG_WARN_INT_CONVERSION = YES;
				CLANG_WARN_NON_LITERAL_NULL_CONVERSION = YES;
				CLANG_WARN_OBJC_IMPLICIT_RETAIN_SELF = YES;
				CLANG_WARN_OBJC_LITERAL_CONVERSION = YES;
				CLANG_WARN_OBJC_ROOT_CLASS = YES_ERROR;
				CLANG_WARN_QUOTED_INCLUDE_IN_FRAMEWORK_HEADER = YES;
				CLANG_WARN_RANGE_LOOP_ANALYSIS = YES;
				CLANG_WARN_STRICT_PROTOTYPES = YES;
				CLANG_WARN_SUSPICIOUS_MOVE = YES;
				CLANG_WARN_UNGUARDED_AVAILABILITY = YES_AGGRESSIVE;
				CLANG_WARN_UNREACHABLE_CODE = YES;
				CLANG_WARN__DUPLICATE_METHOD_MATCH = YES;
				COPY_PHASE_STRIP = NO;
				DEBUG_INFORMATION_FORMAT = "dwarf-with-dsym";
				DEVELOPMENT_TEAM = FKQH296593;
				ENABLE_NS_ASSERTIONS = NO;
				ENABLE_STRICT_OBJC_MSGSEND = YES;
				ENABLE_USER_SCRIPT_SANDBOXING = YES;
				GCC_C_LANGUAGE_STANDARD = gnu17;
				GCC_NO_COMMON_BLOCKS = YES;
				GCC_WARN_64_TO_32_BIT_CONVERSION = YES;
				GCC_WARN_ABOUT_RETURN_TYPE = YES_ERROR;
				GCC_WARN_UNDECLARED_SELECTOR = YES;
				GCC_WARN_UNINITIALIZED_AUTOS = YES_AGGRESSIVE;
				GCC_WARN_UNUSED_FUNCTION = YES;
				GCC_WARN_UNUSED_VARIABLE = YES;
				IPHONEOS_DEPLOYMENT_TARGET = 26.0;
				LOCALIZATION_PREFERS_STRING_CATALOGS = YES;
				MTL_ENABLE_DEBUG_INFO = NO;
				MTL_FAST_MATH = YES;
				SDKROOT = iphoneos;
				SWIFT_COMPILATION_MODE = wholemodule;
				VALIDATE_PRODUCT = YES;
			};
			name = Release;
		};
		AC8768B42F0B2A38009D1E74 /* Debug */ = {
			isa = XCBuildConfiguration;
			buildSettings = {
				ASSETCATALOG_COMPILER_APPICON_NAME = AppIcon;
				ASSETCATALOG_COMPILER_GLOBAL_ACCENT_COLOR_NAME = AccentColor;
				CODE_SIGN_ENTITLEMENTS = ClipCook/ClipCook.entitlements;
				CODE_SIGN_STYLE = Automatic;
				CURRENT_PROJECT_VERSION = 6;
				DEVELOPMENT_TEAM = FKQH296593;
				ENABLE_PREVIEWS = YES;
				GENERATE_INFOPLIST_FILE = YES;
				INFOPLIST_FILE = ClipCook/Info.plist;
				INFOPLIST_KEY_UIApplicationSceneManifest_Generation = YES;
				INFOPLIST_KEY_UIApplicationSupportsIndirectInputEvents = YES;
				INFOPLIST_KEY_UILaunchScreen_Generation = YES;
				INFOPLIST_KEY_UISupportedInterfaceOrientations_iPad = "UIInterfaceOrientationPortrait UIInterfaceOrientationPortraitUpsideDown UIInterfaceOrientationLandscapeLeft UIInterfaceOrientationLandscapeRight";
				INFOPLIST_KEY_UISupportedInterfaceOrientations_iPhone = "UIInterfaceOrientationPortrait UIInterfaceOrientationLandscapeLeft UIInterfaceOrientationLandscapeRight";
				LD_RUNPATH_SEARCH_PATHS = (
					"$(inherited)",
					"@executable_path/Frameworks",
				);
				MARKETING_VERSION = 1.0;
				PRODUCT_BUNDLE_IDENTIFIER = Freddy.ClipCook;
				PRODUCT_NAME = "$(TARGET_NAME)";
				STRING_CATALOG_GENERATE_SYMBOLS = YES;
				SWIFT_APPROACHABLE_CONCURRENCY = YES;
				SWIFT_DEFAULT_ACTOR_ISOLATION = MainActor;
				SWIFT_EMIT_LOC_STRINGS = YES;
				SWIFT_UPCOMING_FEATURE_MEMBER_IMPORT_VISIBILITY = YES;
				SWIFT_VERSION = 5.0;
				TARGETED_DEVICE_FAMILY = "1,2";
			};
			name = Debug;
		};
		AC8768B52F0B2A38009D1E74 /* Release */ = {
			isa = XCBuildConfiguration;
			buildSettings = {
				ASSETCATALOG_COMPILER_APPICON_NAME = AppIcon;
				ASSETCATALOG_COMPILER_GLOBAL_ACCENT_COLOR_NAME = AccentColor;
				CODE_SIGN_ENTITLEMENTS = ClipCook/ClipCook.entitlements;
				CODE_SIGN_STYLE = Automatic;
				CURRENT_PROJECT_VERSION = 6;
				DEVELOPMENT_TEAM = FKQH296593;
				ENABLE_PREVIEWS = YES;
				GENERATE_INFOPLIST_FILE = YES;
				INFOPLIST_FILE = ClipCook/Info.plist;
				INFOPLIST_KEY_UIApplicationSceneManifest_Generation = YES;
				INFOPLIST_KEY_UIApplicationSupportsIndirectInputEvents = YES;
				INFOPLIST_KEY_UILaunchScreen_Generation = YES;
				INFOPLIST_KEY_UISupportedInterfaceOrientations_iPad = "UIInterfaceOrientationPortrait UIInterfaceOrientationPortraitUpsideDown UIInterfaceOrientationLandscapeLeft UIInterfaceOrientationLandscapeRight";
				INFOPLIST_KEY_UISupportedInterfaceOrientations_iPhone = "UIInterfaceOrientationPortrait UIInterfaceOrientationLandscapeLeft UIInterfaceOrientationLandscapeRight";
				LD_RUNPATH_SEARCH_PATHS = (
					"$(inherited)",
					"@executable_path/Frameworks",
				);
				MARKETING_VERSION = 1.0;
				PRODUCT_BUNDLE_IDENTIFIER = Freddy.ClipCook;
				PRODUCT_NAME = "$(TARGET_NAME)";
				STRING_CATALOG_GENERATE_SYMBOLS = YES;
				SWIFT_APPROACHABLE_CONCURRENCY = YES;
				SWIFT_DEFAULT_ACTOR_ISOLATION = MainActor;
				SWIFT_EMIT_LOC_STRINGS = YES;
				SWIFT_UPCOMING_FEATURE_MEMBER_IMPORT_VISIBILITY = YES;
				SWIFT_VERSION = 5.0;
				TARGETED_DEVICE_FAMILY = "1,2";
			};
			name = Release;
		};
		AC8768B72F0B2A38009D1E74 /* Debug */ = {
			isa = XCBuildConfiguration;
			buildSettings = {
				BUNDLE_LOADER = "$(TEST_HOST)";
				CODE_SIGN_STYLE = Automatic;
				CURRENT_PROJECT_VERSION = 5;
				DEVELOPMENT_TEAM = FKQH296593;
				GENERATE_INFOPLIST_FILE = YES;
				IPHONEOS_DEPLOYMENT_TARGET = 26.0;
				MARKETING_VERSION = 1.0;
				PRODUCT_BUNDLE_IDENTIFIER = Freddy.ClipCookTests;
				PRODUCT_NAME = "$(TARGET_NAME)";
				STRING_CATALOG_GENERATE_SYMBOLS = NO;
				SWIFT_APPROACHABLE_CONCURRENCY = YES;
				SWIFT_EMIT_LOC_STRINGS = NO;
				SWIFT_UPCOMING_FEATURE_MEMBER_IMPORT_VISIBILITY = YES;
				SWIFT_VERSION = 5.0;
				TARGETED_DEVICE_FAMILY = "1,2";
				TEST_HOST = "$(BUILT_PRODUCTS_DIR)/ClipCook.app/$(BUNDLE_EXECUTABLE_FOLDER_PATH)/ClipCook";
			};
			name = Debug;
		};
		AC8768B82F0B2A38009D1E74 /* Release */ = {
			isa = XCBuildConfiguration;
			buildSettings = {
				BUNDLE_LOADER = "$(TEST_HOST)";
				CODE_SIGN_STYLE = Automatic;
				CURRENT_PROJECT_VERSION = 5;
				DEVELOPMENT_TEAM = FKQH296593;
				GENERATE_INFOPLIST_FILE = YES;
				IPHONEOS_DEPLOYMENT_TARGET = 26.0;
				MARKETING_VERSION = 1.0;
				PRODUCT_BUNDLE_IDENTIFIER = Freddy.ClipCookTests;
				PRODUCT_NAME = "$(TARGET_NAME)";
				STRING_CATALOG_GENERATE_SYMBOLS = NO;
				SWIFT_APPROACHABLE_CONCURRENCY = YES;
				SWIFT_EMIT_LOC_STRINGS = NO;
				SWIFT_UPCOMING_FEATURE_MEMBER_IMPORT_VISIBILITY = YES;
				SWIFT_VERSION = 5.0;
				TARGETED_DEVICE_FAMILY = "1,2";
				TEST_HOST = "$(BUILT_PRODUCTS_DIR)/ClipCook.app/$(BUNDLE_EXECUTABLE_FOLDER_PATH)/ClipCook";
			};
			name = Release;
		};
		AC8768BA2F0B2A38009D1E74 /* Debug */ = {
			isa = XCBuildConfiguration;
			buildSettings = {
				CODE_SIGN_STYLE = Automatic;
				CURRENT_PROJECT_VERSION = 5;
				DEVELOPMENT_TEAM = FKQH296593;
				GENERATE_INFOPLIST_FILE = YES;
				MARKETING_VERSION = 1.0;
				PRODUCT_BUNDLE_IDENTIFIER = Freddy.ClipCookUITests;
				PRODUCT_NAME = "$(TARGET_NAME)";
				STRING_CATALOG_GENERATE_SYMBOLS = NO;
				SWIFT_APPROACHABLE_CONCURRENCY = YES;
				SWIFT_EMIT_LOC_STRINGS = NO;
				SWIFT_UPCOMING_FEATURE_MEMBER_IMPORT_VISIBILITY = YES;
				SWIFT_VERSION = 5.0;
				TARGETED_DEVICE_FAMILY = "1,2";
				TEST_TARGET_NAME = ClipCook;
			};
			name = Debug;
		};
		AC8768BB2F0B2A38009D1E74 /* Release */ = {
			isa = XCBuildConfiguration;
			buildSettings = {
				CODE_SIGN_STYLE = Automatic;
				CURRENT_PROJECT_VERSION = 5;
				DEVELOPMENT_TEAM = FKQH296593;
				GENERATE_INFOPLIST_FILE = YES;
				MARKETING_VERSION = 1.0;
				PRODUCT_BUNDLE_IDENTIFIER = Freddy.ClipCookUITests;
				PRODUCT_NAME = "$(TARGET_NAME)";
				STRING_CATALOG_GENERATE_SYMBOLS = NO;
				SWIFT_APPROACHABLE_CONCURRENCY = YES;
				SWIFT_EMIT_LOC_STRINGS = NO;
				SWIFT_UPCOMING_FEATURE_MEMBER_IMPORT_VISIBILITY = YES;
				SWIFT_VERSION = 5.0;
				TARGETED_DEVICE_FAMILY = "1,2";
				TEST_TARGET_NAME = ClipCook;
			};
			name = Release;
		};
		AC8768DA2F0B2F2D009D1E74 /* Debug */ = {
			isa = XCBuildConfiguration;
			buildSettings = {
				CODE_SIGN_ENTITLEMENTS = ShareRecipe/ShareRecipe.entitlements;
				CODE_SIGN_STYLE = Automatic;
				CURRENT_PROJECT_VERSION = 5;
				DEVELOPMENT_TEAM = FKQH296593;
				GENERATE_INFOPLIST_FILE = YES;
				INFOPLIST_FILE = ShareRecipe/Info.plist;
				INFOPLIST_KEY_CFBundleDisplayName = ShareRecipe;
				INFOPLIST_KEY_NSHumanReadableCopyright = "";
				LD_RUNPATH_SEARCH_PATHS = (
					"$(inherited)",
					"@executable_path/Frameworks",
					"@executable_path/../../Frameworks",
				);
				MARKETING_VERSION = 1.0;
				PRODUCT_BUNDLE_IDENTIFIER = Freddy.ClipCook.ShareRecipe;
				PRODUCT_NAME = "$(TARGET_NAME)";
				SKIP_INSTALL = YES;
				STRING_CATALOG_GENERATE_SYMBOLS = YES;
				SWIFT_APPROACHABLE_CONCURRENCY = YES;
				SWIFT_EMIT_LOC_STRINGS = YES;
				SWIFT_UPCOMING_FEATURE_MEMBER_IMPORT_VISIBILITY = YES;
				SWIFT_VERSION = 5.0;
				TARGETED_DEVICE_FAMILY = "1,2";
			};
			name = Debug;
		};
		AC8768DB2F0B2F2D009D1E74 /* Release */ = {
			isa = XCBuildConfiguration;
			buildSettings = {
				CODE_SIGN_ENTITLEMENTS = ShareRecipe/ShareRecipe.entitlements;
				CODE_SIGN_STYLE = Automatic;
				CURRENT_PROJECT_VERSION = 5;
				DEVELOPMENT_TEAM = FKQH296593;
				GENERATE_INFOPLIST_FILE = YES;
				INFOPLIST_FILE = ShareRecipe/Info.plist;
				INFOPLIST_KEY_CFBundleDisplayName = ShareRecipe;
				INFOPLIST_KEY_NSHumanReadableCopyright = "";
				LD_RUNPATH_SEARCH_PATHS = (
					"$(inherited)",
					"@executable_path/Frameworks",
					"@executable_path/../../Frameworks",
				);
				MARKETING_VERSION = 1.0;
				PRODUCT_BUNDLE_IDENTIFIER = Freddy.ClipCook.ShareRecipe;
				PRODUCT_NAME = "$(TARGET_NAME)";
				SKIP_INSTALL = YES;
				STRING_CATALOG_GENERATE_SYMBOLS = YES;
				SWIFT_APPROACHABLE_CONCURRENCY = YES;
				SWIFT_EMIT_LOC_STRINGS = YES;
				SWIFT_UPCOMING_FEATURE_MEMBER_IMPORT_VISIBILITY = YES;
				SWIFT_VERSION = 5.0;
				TARGETED_DEVICE_FAMILY = "1,2";
			};
			name = Release;
		};
/* End XCBuildConfiguration section */

/* Begin XCConfigurationList section */
		AC87688D2F0B2A37009D1E74 /* Build configuration list for PBXProject "ClipCook" */ = {
			isa = XCConfigurationList;
			buildConfigurations = (
				AC8768B12F0B2A38009D1E74 /* Debug */,
				AC8768B22F0B2A38009D1E74 /* Release */,
			);
			defaultConfigurationIsVisible = 0;
			defaultConfigurationName = Release;
		};
		AC8768B32F0B2A38009D1E74 /* Build configuration list for PBXNativeTarget "ClipCook" */ = {
			isa = XCConfigurationList;
			buildConfigurations = (
				AC8768B42F0B2A38009D1E74 /* Debug */,
				AC8768B52F0B2A38009D1E74 /* Release */,
			);
			defaultConfigurationIsVisible = 0;
			defaultConfigurationName = Release;
		};
		AC8768B62F0B2A38009D1E74 /* Build configuration list for PBXNativeTarget "ClipCookTests" */ = {
			isa = XCConfigurationList;
			buildConfigurations = (
				AC8768B72F0B2A38009D1E74 /* Debug */,
				AC8768B82F0B2A38009D1E74 /* Release */,
			);
			defaultConfigurationIsVisible = 0;
			defaultConfigurationName = Release;
		};
		AC8768B92F0B2A38009D1E74 /* Build configuration list for PBXNativeTarget "ClipCookUITests" */ = {
			isa = XCConfigurationList;
			buildConfigurations = (
				AC8768BA2F0B2A38009D1E74 /* Debug */,
				AC8768BB2F0B2A38009D1E74 /* Release */,
			);
			defaultConfigurationIsVisible = 0;
			defaultConfigurationName = Release;
		};
		AC8768D92F0B2F2D009D1E74 /* Build configuration list for PBXNativeTarget "ShareRecipe" */ = {
			isa = XCConfigurationList;
			buildConfigurations = (
				AC8768DA2F0B2F2D009D1E74 /* Debug */,
				AC8768DB2F0B2F2D009D1E74 /* Release */,
			);
			defaultConfigurationIsVisible = 0;
			defaultConfigurationName = Release;
		};
/* End XCConfigurationList section */

/* Begin XCRemoteSwiftPackageReference section */
		AC8768E12F0B343C009D1E74 /* XCRemoteSwiftPackageReference "supabase-swift" */ = {
			isa = XCRemoteSwiftPackageReference;
			repositoryURL = "https://github.com/supabase/supabase-swift";
			requirement = {
				kind = upToNextMajorVersion;
				minimumVersion = 2.5.1;
			};
		};
/* End XCRemoteSwiftPackageReference section */

/* Begin XCSwiftPackageProductDependency section */
		AC8768E22F0B343C009D1E74 /* Auth */ = {
			isa = XCSwiftPackageProductDependency;
			package = AC8768E12F0B343C009D1E74 /* XCRemoteSwiftPackageReference "supabase-swift" */;
			productName = Auth;
		};
		AC8768E42F0B343C009D1E74 /* Functions */ = {
			isa = XCSwiftPackageProductDependency;
			package = AC8768E12F0B343C009D1E74 /* XCRemoteSwiftPackageReference "supabase-swift" */;
			productName = Functions;
		};
		AC8768E62F0B343C009D1E74 /* PostgREST */ = {
			isa = XCSwiftPackageProductDependency;
			package = AC8768E12F0B343C009D1E74 /* XCRemoteSwiftPackageReference "supabase-swift" */;
			productName = PostgREST;
		};
		AC8768E82F0B343C009D1E74 /* Realtime */ = {
			isa = XCSwiftPackageProductDependency;
			package = AC8768E12F0B343C009D1E74 /* XCRemoteSwiftPackageReference "supabase-swift" */;
			productName = Realtime;
		};
		AC8768EA2F0B343C009D1E74 /* Storage */ = {
			isa = XCSwiftPackageProductDependency;
			package = AC8768E12F0B343C009D1E74 /* XCRemoteSwiftPackageReference "supabase-swift" */;
			productName = Storage;
		};
		AC8768EC2F0B343C009D1E74 /* Supabase */ = {
			isa = XCSwiftPackageProductDependency;
			package = AC8768E12F0B343C009D1E74 /* XCRemoteSwiftPackageReference "supabase-swift" */;
			productName = Supabase;
		};
/* End XCSwiftPackageProductDependency section */
	};
	rootObject = AC87688A2F0B2A37009D1E74 /* Project object */;
}
